
Microsoft Visual Studio Solution File, Format Version 12.00
# Visual Studio 15
VisualStudioVersion = 15.0.28307.1082
MinimumVisualStudioVersion = 10.0.40219.1
Project("{8BC9CEB8-8B4A-11D0-8D11-00A0C91BC942}") = "enum_ex", "enum_ex\enum_ex.vcxproj", "{A65B48C6-A6F5-4F6F-9B2B-6DC67EF6E5A9}"
EndProject
Global
	GlobalSection(SolutionConfigurationPlatforms) = preSolution
		Debug|x64 = Debug|x64
		Debug|x86 = Debug|x86
		Release|x64 = Release|x64
		Release|x86 = Release|x86
	EndGlobalSection
	GlobalSection(ProjectConfigurationPlatforms) = postSolution
		{A65B48C6-A6F5-4F6F-9B2B-6DC67EF6E5A9}.Debug|x64.ActiveCfg = Debug|x64
		{A65B48C6-A6F5-4F6F-9B2B-6DC67EF6E5A9}.Debug|x64.Build.0 = Debug|x64
		{A65B48C6-A6F5-4F6F-9B2B-6DC67EF6E5A9}.Debug|x86.ActiveCfg = Debug|Win32
		{A65B48C6-A6F5-4F6F-9B2B-6DC67EF6E5A9}.Debug|x86.Build.0 = Debug|Win32
		{A65B48C6-A6F5-4F6F-9B2B-6DC67EF6E5A9}.Release|x64.ActiveCfg = Release|x64
		{A65B48C6-A6F5-4F6F-9B2B-6DC67EF6E5A9}.Release|x64.Build.0 = Release|x64
		{A65B48C6-A6F5-4F6F-9B2B-6DC67EF6E5A9}.Release|x86.ActiveCfg = Release|Win32
		{A65B48C6-A6F5-4F6F-9B2B-6DC67EF6E5A9}.Release|x86.Build.0 = Release|Win32
	EndGlobalSection
	GlobalSection(SolutionProperties) = preSolution
		HideSolutionNode = FALSE
	EndGlobalSection
	GlobalSection(ExtensibilityGlobals) = postSolution
		SolutionGuid = {84E53519-2E10-43F6-AC62-63F3CA8E4DD2}
	EndGlobalSection
EndGlobal
