
Microsoft Visual Studio Solution File, Format Version 12.00
# Visual Studio 15
VisualStudioVersion = 15.0.28307.1082
MinimumVisualStudioVersion = 10.0.40219.1
Project("{8BC9CEB8-8B4A-11D0-8D11-00A0C91BC942}") = "employee_salary", "employee_salary\employee_salary.vcxproj", "{3E282C35-A2C8-4C7F-937F-70E9622D1D71}"
EndProject
Global
	GlobalSection(SolutionConfigurationPlatforms) = preSolution
		Debug|x64 = Debug|x64
		Debug|x86 = Debug|x86
		Release|x64 = Release|x64
		Release|x86 = Release|x86
	EndGlobalSection
	GlobalSection(ProjectConfigurationPlatforms) = postSolution
		{3E282C35-A2C8-4C7F-937F-70E9622D1D71}.Debug|x64.ActiveCfg = Debug|x64
		{3E282C35-A2C8-4C7F-937F-70E9622D1D71}.Debug|x64.Build.0 = Debug|x64
		{3E282C35-A2C8-4C7F-937F-70E9622D1D71}.Debug|x86.ActiveCfg = Debug|Win32
		{3E282C35-A2C8-4C7F-937F-70E9622D1D71}.Debug|x86.Build.0 = Debug|Win32
		{3E282C35-A2C8-4C7F-937F-70E9622D1D71}.Release|x64.ActiveCfg = Release|x64
		{3E282C35-A2C8-4C7F-937F-70E9622D1D71}.Release|x64.Build.0 = Release|x64
		{3E282C35-A2C8-4C7F-937F-70E9622D1D71}.Release|x86.ActiveCfg = Release|Win32
		{3E282C35-A2C8-4C7F-937F-70E9622D1D71}.Release|x86.Build.0 = Release|Win32
	EndGlobalSection
	GlobalSection(SolutionProperties) = preSolution
		HideSolutionNode = FALSE
	EndGlobalSection
	GlobalSection(ExtensibilityGlobals) = postSolution
		SolutionGuid = {51CA2EE6-5952-4765-92EC-16F5B80226E8}
	EndGlobalSection
EndGlobal
