
Microsoft Visual Studio Solution File, Format Version 12.00
# Visual Studio 15
VisualStudioVersion = 15.0.28307.1082
MinimumVisualStudioVersion = 10.0.40219.1
Project("{888888A0-9F3D-457C-B088-3A5042F75D52}") = "work_course_Hero", "work_course_Hero\work_course_Hero.pyproj", "{B09886BC-E33A-4508-98FD-7E2537A99F07}"
EndProject
Global
	GlobalSection(SolutionConfigurationPlatforms) = preSolution
		Debug|Any CPU = Debug|Any CPU
		Release|Any CPU = Release|Any CPU
	EndGlobalSection
	GlobalSection(ProjectConfigurationPlatforms) = postSolution
		{B09886BC-E33A-4508-98FD-7E2537A99F07}.Debug|Any CPU.ActiveCfg = Debug|Any CPU
		{B09886BC-E33A-4508-98FD-7E2537A99F07}.Release|Any CPU.ActiveCfg = Release|Any CPU
	EndGlobalSection
	GlobalSection(SolutionProperties) = preSolution
		HideSolutionNode = FALSE
	EndGlobalSection
	GlobalSection(ExtensibilityGlobals) = postSolution
		SolutionGuid = {11D75271-7724-4CD5-A8D1-F82554D476A4}
	EndGlobalSection
EndGlobal
