
Microsoft Visual Studio Solution File, Format Version 12.00
# Visual Studio 15
VisualStudioVersion = 15.0.28307.1082
MinimumVisualStudioVersion = 10.0.40219.1
Project("{8BC9CEB8-8B4A-11D0-8D11-00A0C91BC942}") = "coin_prj", "coin_prj\coin_prj.vcxproj", "{55A79141-EC0C-4262-A7C9-EB6A9B638F2E}"
EndProject
Global
	GlobalSection(SolutionConfigurationPlatforms) = preSolution
		Debug|x64 = Debug|x64
		Debug|x86 = Debug|x86
		Release|x64 = Release|x64
		Release|x86 = Release|x86
	EndGlobalSection
	GlobalSection(ProjectConfigurationPlatforms) = postSolution
		{55A79141-EC0C-4262-A7C9-EB6A9B638F2E}.Debug|x64.ActiveCfg = Debug|x64
		{55A79141-EC0C-4262-A7C9-EB6A9B638F2E}.Debug|x64.Build.0 = Debug|x64
		{55A79141-EC0C-4262-A7C9-EB6A9B638F2E}.Debug|x86.ActiveCfg = Debug|Win32
		{55A79141-EC0C-4262-A7C9-EB6A9B638F2E}.Debug|x86.Build.0 = Debug|Win32
		{55A79141-EC0C-4262-A7C9-EB6A9B638F2E}.Release|x64.ActiveCfg = Release|x64
		{55A79141-EC0C-4262-A7C9-EB6A9B638F2E}.Release|x64.Build.0 = Release|x64
		{55A79141-EC0C-4262-A7C9-EB6A9B638F2E}.Release|x86.ActiveCfg = Release|Win32
		{55A79141-EC0C-4262-A7C9-EB6A9B638F2E}.Release|x86.Build.0 = Release|Win32
	EndGlobalSection
	GlobalSection(SolutionProperties) = preSolution
		HideSolutionNode = FALSE
	EndGlobalSection
	GlobalSection(ExtensibilityGlobals) = postSolution
		SolutionGuid = {761C32D9-1176-4E6D-AA77-896860AF93A8}
	EndGlobalSection
EndGlobal
