
Microsoft Visual Studio Solution File, Format Version 12.00
# Visual Studio 15
VisualStudioVersion = 15.0.28307.1082
MinimumVisualStudioVersion = 10.0.40219.1
Project("{888888A0-9F3D-457C-B088-3A5042F75D52}") = "max_value", "max_value\max_value.pyproj", "{97C1C9FF-CB2C-4ACE-8C4F-5F967518B5BF}"
EndProject
Global
	GlobalSection(SolutionConfigurationPlatforms) = preSolution
		Debug|Any CPU = Debug|Any CPU
		Release|Any CPU = Release|Any CPU
	EndGlobalSection
	GlobalSection(ProjectConfigurationPlatforms) = postSolution
		{97C1C9FF-CB2C-4ACE-8C4F-5F967518B5BF}.Debug|Any CPU.ActiveCfg = Debug|Any CPU
		{97C1C9FF-CB2C-4ACE-8C4F-5F967518B5BF}.Release|Any CPU.ActiveCfg = Release|Any CPU
	EndGlobalSection
	GlobalSection(SolutionProperties) = preSolution
		HideSolutionNode = FALSE
	EndGlobalSection
	GlobalSection(ExtensibilityGlobals) = postSolution
		SolutionGuid = {83453B19-9F17-4CA4-8B2D-D45F132670E3}
	EndGlobalSection
EndGlobal
