
Microsoft Visual Studio Solution File, Format Version 12.00
# Visual Studio 15
VisualStudioVersion = 15.0.28307.1082
MinimumVisualStudioVersion = 10.0.40219.1
Project("{8BC9CEB8-8B4A-11D0-8D11-00A0C91BC942}") = "struct_references", "struct_references\struct_references.vcxproj", "{152F38CC-38F8-4F37-9DD5-3F1CBCB6B63B}"
EndProject
Global
	GlobalSection(SolutionConfigurationPlatforms) = preSolution
		Debug|x64 = Debug|x64
		Debug|x86 = Debug|x86
		Release|x64 = Release|x64
		Release|x86 = Release|x86
	EndGlobalSection
	GlobalSection(ProjectConfigurationPlatforms) = postSolution
		{152F38CC-38F8-4F37-9DD5-3F1CBCB6B63B}.Debug|x64.ActiveCfg = Debug|x64
		{152F38CC-38F8-4F37-9DD5-3F1CBCB6B63B}.Debug|x64.Build.0 = Debug|x64
		{152F38CC-38F8-4F37-9DD5-3F1CBCB6B63B}.Debug|x86.ActiveCfg = Debug|Win32
		{152F38CC-38F8-4F37-9DD5-3F1CBCB6B63B}.Debug|x86.Build.0 = Debug|Win32
		{152F38CC-38F8-4F37-9DD5-3F1CBCB6B63B}.Release|x64.ActiveCfg = Release|x64
		{152F38CC-38F8-4F37-9DD5-3F1CBCB6B63B}.Release|x64.Build.0 = Release|x64
		{152F38CC-38F8-4F37-9DD5-3F1CBCB6B63B}.Release|x86.ActiveCfg = Release|Win32
		{152F38CC-38F8-4F37-9DD5-3F1CBCB6B63B}.Release|x86.Build.0 = Release|Win32
	EndGlobalSection
	GlobalSection(SolutionProperties) = preSolution
		HideSolutionNode = FALSE
	EndGlobalSection
	GlobalSection(ExtensibilityGlobals) = postSolution
		SolutionGuid = {D987846E-1B65-47A7-9339-1C0D11A036D4}
	EndGlobalSection
EndGlobal
